
Microsoft Visual Studio Solution File, Format Version 12.00
# Visual Studio Version 16
VisualStudioVersion = 16.0.31729.503
MinimumVisualStudioVersion = 10.0.40219.1
Project("{FAE04EC0-301F-11D3-BF4B-00C04F79EFBC}") = "Kütüphane Otomasyonu", "WindowsFormsApp1\Kütüphane Otomasyonu.csproj", "{D06FF9E9-ADB4-4217-8C7D-680DB7F64EBF}"
EndProject
Global
	GlobalSection(SolutionConfigurationPlatforms) = preSolution
		Debug|Any CPU = Debug|Any CPU
		Release|Any CPU = Release|Any CPU
	EndGlobalSection
	GlobalSection(ProjectConfigurationPlatforms) = postSolution
		{D06FF9E9-ADB4-4217-8C7D-680DB7F64EBF}.Debug|Any CPU.ActiveCfg = Debug|Any CPU
		{D06FF9E9-ADB4-4217-8C7D-680DB7F64EBF}.Debug|Any CPU.Build.0 = Debug|Any CPU
		{D06FF9E9-ADB4-4217-8C7D-680DB7F64EBF}.Release|Any CPU.ActiveCfg = Release|Any CPU
		{D06FF9E9-ADB4-4217-8C7D-680DB7F64EBF}.Release|Any CPU.Build.0 = Release|Any CPU
	EndGlobalSection
	GlobalSection(SolutionProperties) = preSolution
		HideSolutionNode = FALSE
	EndGlobalSection
	GlobalSection(ExtensibilityGlobals) = postSolution
		SolutionGuid = {237BFAF4-3FDF-4590-B5BF-5A56E5EDD3C0}
	EndGlobalSection
EndGlobal
